// !$*UTF8*$!
{
	archiveVersion = 1;
	classes = {
	};
	objectVersion = 50;
	objects = {

/* Begin PBXBuildFile section */
		6D1F16ED230C67D500A6474A /* AllPlayingMoviesPresenter.swift in Sources */ = {isa = PBXBuildFile; fileRef = 6D1F16E6230C67D500A6474A /* AllPlayingMoviesPresenter.swift */; };
		6D1F16EE230C67D500A6474A /* AllPlayingMoviesRouter.swift in Sources */ = {isa = PBXBuildFile; fileRef = 6D1F16E7230C67D500A6474A /* AllPlayingMoviesRouter.swift */; };
		6D1F16EF230C67D500A6474A /* AllPlayingMoviesContracts.swift in Sources */ = {isa = PBXBuildFile; fileRef = 6D1F16E8230C67D500A6474A /* AllPlayingMoviesContracts.swift */; };
		6D1F16F1230C67D500A6474A /* AllPlayingMoviesView.swift in Sources */ = {isa = PBXBuildFile; fileRef = 6D1F16EA230C67D500A6474A /* AllPlayingMoviesView.swift */; };
		6D1F16F6230C78D800A6474A /* AllPlayingMoviesEntity.swift in Sources */ = {isa = PBXBuildFile; fileRef = 6D1F16F5230C78D800A6474A /* AllPlayingMoviesEntity.swift */; };
		6D1F16F8230C797A00A6474A /* MovieDetailEntity.swift in Sources */ = {isa = PBXBuildFile; fileRef = 6D1F16F7230C797A00A6474A /* MovieDetailEntity.swift */; };
		6D404DD42305F61700DCAE42 /* PopularMovieTableViewCell.swift in Sources */ = {isa = PBXBuildFile; fileRef = 6D404DD22305F61700DCAE42 /* PopularMovieTableViewCell.swift */; };
		6D404DD52305F61700DCAE42 /* PopularMovieTableViewCell.xib in Resources */ = {isa = PBXBuildFile; fileRef = 6D404DD32305F61700DCAE42 /* PopularMovieTableViewCell.xib */; };
		6D85801B2305E3BC00E7DD79 /* CollectionTableViewCell.swift in Sources */ = {isa = PBXBuildFile; fileRef = 6D8580192305E3BC00E7DD79 /* CollectionTableViewCell.swift */; };
		6D85801C2305E3BC00E7DD79 /* CollectionTableViewCell.xib in Resources */ = {isa = PBXBuildFile; fileRef = 6D85801A2305E3BC00E7DD79 /* CollectionTableViewCell.xib */; };
		6D85801F2305E42B00E7DD79 /* MovieCollectionViewCell.swift in Sources */ = {isa = PBXBuildFile; fileRef = 6D85801D2305E42B00E7DD79 /* MovieCollectionViewCell.swift */; };
		6D8580202305E42B00E7DD79 /* MovieCollectionViewCell.xib in Resources */ = {isa = PBXBuildFile; fileRef = 6D85801E2305E42B00E7DD79 /* MovieCollectionViewCell.xib */; };
		6D8580222305E6B000E7DD79 /* Movie.swift in Sources */ = {isa = PBXBuildFile; fileRef = 6D8580212305E6B000E7DD79 /* Movie.swift */; };
		6D8A10532304A2890063F059 /* AppDelegate.swift in Sources */ = {isa = PBXBuildFile; fileRef = 6D8A10522304A2890063F059 /* AppDelegate.swift */; };
		6D8A10582304A2890063F059 /* Main.storyboard in Resources */ = {isa = PBXBuildFile; fileRef = 6D8A10562304A2890063F059 /* Main.storyboard */; };
		6D8A105A2304A2890063F059 /* Assets.xcassets in Resources */ = {isa = PBXBuildFile; fileRef = 6D8A10592304A2890063F059 /* Assets.xcassets */; };
		6D8A105D2304A2890063F059 /* LaunchScreen.storyboard in Resources */ = {isa = PBXBuildFile; fileRef = 6D8A105B2304A2890063F059 /* LaunchScreen.storyboard */; };
		6DBEBFB6230719B500DA9723 /* APIService.swift in Sources */ = {isa = PBXBuildFile; fileRef = 6DBEBFB5230719B500DA9723 /* APIService.swift */; };
		6DBEBFB9230719CF00DA9723 /* MoviePopular.swift in Sources */ = {isa = PBXBuildFile; fileRef = 6DBEBFB7230719CF00DA9723 /* MoviePopular.swift */; };
		6DBEBFBA230719CF00DA9723 /* MovieNowPlaying.swift in Sources */ = {isa = PBXBuildFile; fileRef = 6DBEBFB8230719CF00DA9723 /* MovieNowPlaying.swift */; };
		6DBEBFD3230735F900DA9723 /* MovieDetailPresenter.swift in Sources */ = {isa = PBXBuildFile; fileRef = 6DBEBFCC230735F900DA9723 /* MovieDetailPresenter.swift */; };
		6DBEBFD4230735F900DA9723 /* MovieDetailRouter.swift in Sources */ = {isa = PBXBuildFile; fileRef = 6DBEBFCD230735F900DA9723 /* MovieDetailRouter.swift */; };
		6DBEBFD5230735F900DA9723 /* MovieDetailContracts.swift in Sources */ = {isa = PBXBuildFile; fileRef = 6DBEBFCE230735F900DA9723 /* MovieDetailContracts.swift */; };
		6DBEBFD6230735F900DA9723 /* MovieDetailInteractor.swift in Sources */ = {isa = PBXBuildFile; fileRef = 6DBEBFCF230735F900DA9723 /* MovieDetailInteractor.swift */; };
		6DBEBFD7230735F900DA9723 /* MovieDetailView.swift in Sources */ = {isa = PBXBuildFile; fileRef = 6DBEBFD0230735F900DA9723 /* MovieDetailView.swift */; };
		6DC215D52305C3FE0074159E /* HomeScreenPresenter.swift in Sources */ = {isa = PBXBuildFile; fileRef = 6DC215CE2305C3FE0074159E /* HomeScreenPresenter.swift */; };
		6DC215D62305C3FE0074159E /* HomeScreenRouter.swift in Sources */ = {isa = PBXBuildFile; fileRef = 6DC215CF2305C3FE0074159E /* HomeScreenRouter.swift */; };
		6DC215D72305C3FE0074159E /* HomeScreenContracts.swift in Sources */ = {isa = PBXBuildFile; fileRef = 6DC215D02305C3FE0074159E /* HomeScreenContracts.swift */; };
		6DC215D82305C3FE0074159E /* HomeScreenInteractor.swift in Sources */ = {isa = PBXBuildFile; fileRef = 6DC215D12305C3FE0074159E /* HomeScreenInteractor.swift */; };
		6DC215D92305C3FE0074159E /* HomeScreenView.swift in Sources */ = {isa = PBXBuildFile; fileRef = 6DC215D22305C3FE0074159E /* HomeScreenView.swift */; };
		6DC215DA2305C3FE0074159E /* HomeScreenEntity.swift in Sources */ = {isa = PBXBuildFile; fileRef = 6DC215D32305C3FE0074159E /* HomeScreenEntity.swift */; };
		7D18A17C230C5D150080914A /* SectionHeaderTableView.swift in Sources */ = {isa = PBXBuildFile; fileRef = 7D18A17B230C5D150080914A /* SectionHeaderTableView.swift */; };
		7D18A17E230C5D2E0080914A /* SectionHeaderView.xib in Resources */ = {isa = PBXBuildFile; fileRef = 7D18A17D230C5D2E0080914A /* SectionHeaderView.xib */; };
/* End PBXBuildFile section */

/* Begin PBXFileReference section */
		6D1F16E6230C67D500A6474A /* AllPlayingMoviesPresenter.swift */ = {isa = PBXFileReference; lastKnownFileType = sourcecode.swift; path = AllPlayingMoviesPresenter.swift; sourceTree = "<group>"; };
		6D1F16E7230C67D500A6474A /* AllPlayingMoviesRouter.swift */ = {isa = PBXFileReference; lastKnownFileType = sourcecode.swift; path = AllPlayingMoviesRouter.swift; sourceTree = "<group>"; };
		6D1F16E8230C67D500A6474A /* AllPlayingMoviesContracts.swift */ = {isa = PBXFileReference; lastKnownFileType = sourcecode.swift; path = AllPlayingMoviesContracts.swift; sourceTree = "<group>"; };
		6D1F16EA230C67D500A6474A /* AllPlayingMoviesView.swift */ = {isa = PBXFileReference; lastKnownFileType = sourcecode.swift; path = AllPlayingMoviesView.swift; sourceTree = "<group>"; };
		6D1F16F5230C78D800A6474A /* AllPlayingMoviesEntity.swift */ = {isa = PBXFileReference; lastKnownFileType = sourcecode.swift; path = AllPlayingMoviesEntity.swift; sourceTree = "<group>"; };
		6D1F16F7230C797A00A6474A /* MovieDetailEntity.swift */ = {isa = PBXFileReference; lastKnownFileType = sourcecode.swift; path = MovieDetailEntity.swift; sourceTree = "<group>"; };
		6D404DD22305F61700DCAE42 /* PopularMovieTableViewCell.swift */ = {isa = PBXFileReference; lastKnownFileType = sourcecode.swift; path = PopularMovieTableViewCell.swift; sourceTree = "<group>"; };
		6D404DD32305F61700DCAE42 /* PopularMovieTableViewCell.xib */ = {isa = PBXFileReference; lastKnownFileType = file.xib; path = PopularMovieTableViewCell.xib; sourceTree = "<group>"; };
		6D8580192305E3BC00E7DD79 /* CollectionTableViewCell.swift */ = {isa = PBXFileReference; lastKnownFileType = sourcecode.swift; path = CollectionTableViewCell.swift; sourceTree = "<group>"; };
		6D85801A2305E3BC00E7DD79 /* CollectionTableViewCell.xib */ = {isa = PBXFileReference; lastKnownFileType = file.xib; path = CollectionTableViewCell.xib; sourceTree = "<group>"; };
		6D85801D2305E42B00E7DD79 /* MovieCollectionViewCell.swift */ = {isa = PBXFileReference; lastKnownFileType = sourcecode.swift; path = MovieCollectionViewCell.swift; sourceTree = "<group>"; };
		6D85801E2305E42B00E7DD79 /* MovieCollectionViewCell.xib */ = {isa = PBXFileReference; lastKnownFileType = file.xib; path = MovieCollectionViewCell.xib; sourceTree = "<group>"; };
		6D8580212305E6B000E7DD79 /* Movie.swift */ = {isa = PBXFileReference; lastKnownFileType = sourcecode.swift; path = Movie.swift; sourceTree = "<group>"; };
		6D8A104F2304A2890063F059 /* MovieDB_NanoChallenge.app */ = {isa = PBXFileReference; explicitFileType = wrapper.application; includeInIndex = 0; path = MovieDB_NanoChallenge.app; sourceTree = BUILT_PRODUCTS_DIR; };
		6D8A10522304A2890063F059 /* AppDelegate.swift */ = {isa = PBXFileReference; lastKnownFileType = sourcecode.swift; path = AppDelegate.swift; sourceTree = "<group>"; };
		6D8A10572304A2890063F059 /* Base */ = {isa = PBXFileReference; lastKnownFileType = file.storyboard; name = Base; path = Base.lproj/Main.storyboard; sourceTree = "<group>"; };
		6D8A10592304A2890063F059 /* Assets.xcassets */ = {isa = PBXFileReference; lastKnownFileType = folder.assetcatalog; path = Assets.xcassets; sourceTree = "<group>"; };
		6D8A105C2304A2890063F059 /* Base */ = {isa = PBXFileReference; lastKnownFileType = file.storyboard; name = Base; path = Base.lproj/LaunchScreen.storyboard; sourceTree = "<group>"; };
		6D8A105E2304A2890063F059 /* Info.plist */ = {isa = PBXFileReference; lastKnownFileType = text.plist.xml; path = Info.plist; sourceTree = "<group>"; };
		6DBEBFB5230719B500DA9723 /* APIService.swift */ = {isa = PBXFileReference; fileEncoding = 4; lastKnownFileType = sourcecode.swift; path = APIService.swift; sourceTree = "<group>"; };
		6DBEBFB7230719CF00DA9723 /* MoviePopular.swift */ = {isa = PBXFileReference; fileEncoding = 4; lastKnownFileType = sourcecode.swift; path = MoviePopular.swift; sourceTree = "<group>"; };
		6DBEBFB8230719CF00DA9723 /* MovieNowPlaying.swift */ = {isa = PBXFileReference; fileEncoding = 4; lastKnownFileType = sourcecode.swift; path = MovieNowPlaying.swift; sourceTree = "<group>"; };
		6DBEBFCC230735F900DA9723 /* MovieDetailPresenter.swift */ = {isa = PBXFileReference; lastKnownFileType = sourcecode.swift; path = MovieDetailPresenter.swift; sourceTree = "<group>"; };
		6DBEBFCD230735F900DA9723 /* MovieDetailRouter.swift */ = {isa = PBXFileReference; lastKnownFileType = sourcecode.swift; path = MovieDetailRouter.swift; sourceTree = "<group>"; };
		6DBEBFCE230735F900DA9723 /* MovieDetailContracts.swift */ = {isa = PBXFileReference; lastKnownFileType = sourcecode.swift; path = MovieDetailContracts.swift; sourceTree = "<group>"; };
		6DBEBFCF230735F900DA9723 /* MovieDetailInteractor.swift */ = {isa = PBXFileReference; lastKnownFileType = sourcecode.swift; path = MovieDetailInteractor.swift; sourceTree = "<group>"; };
		6DBEBFD0230735F900DA9723 /* MovieDetailView.swift */ = {isa = PBXFileReference; lastKnownFileType = sourcecode.swift; path = MovieDetailView.swift; sourceTree = "<group>"; };
		6DC215CE2305C3FE0074159E /* HomeScreenPresenter.swift */ = {isa = PBXFileReference; lastKnownFileType = sourcecode.swift; path = HomeScreenPresenter.swift; sourceTree = "<group>"; };
		6DC215CF2305C3FE0074159E /* HomeScreenRouter.swift */ = {isa = PBXFileReference; lastKnownFileType = sourcecode.swift; path = HomeScreenRouter.swift; sourceTree = "<group>"; };
		6DC215D02305C3FE0074159E /* HomeScreenContracts.swift */ = {isa = PBXFileReference; lastKnownFileType = sourcecode.swift; path = HomeScreenContracts.swift; sourceTree = "<group>"; };
		6DC215D12305C3FE0074159E /* HomeScreenInteractor.swift */ = {isa = PBXFileReference; lastKnownFileType = sourcecode.swift; path = HomeScreenInteractor.swift; sourceTree = "<group>"; };
		6DC215D22305C3FE0074159E /* HomeScreenView.swift */ = {isa = PBXFileReference; lastKnownFileType = sourcecode.swift; path = HomeScreenView.swift; sourceTree = "<group>"; };
		6DC215D32305C3FE0074159E /* HomeScreenEntity.swift */ = {isa = PBXFileReference; lastKnownFileType = sourcecode.swift; path = HomeScreenEntity.swift; sourceTree = "<group>"; };
		7D18A17B230C5D150080914A /* SectionHeaderTableView.swift */ = {isa = PBXFileReference; lastKnownFileType = sourcecode.swift; path = SectionHeaderTableView.swift; sourceTree = "<group>"; };
		7D18A17D230C5D2E0080914A /* SectionHeaderView.xib */ = {isa = PBXFileReference; lastKnownFileType = file.xib; path = SectionHeaderView.xib; sourceTree = "<group>"; };
/* End PBXFileReference section */

/* Begin PBXFrameworksBuildPhase section */
		6D8A104C2304A2890063F059 /* Frameworks */ = {
			isa = PBXFrameworksBuildPhase;
			buildActionMask = 2147483647;
			files = (
			);
			runOnlyForDeploymentPostprocessing = 0;
		};
/* End PBXFrameworksBuildPhase section */

/* Begin PBXGroup section */
		6D1F16F3230C67E700A6474A /* AllPlayingMoviesModule */ = {
			isa = PBXGroup;
			children = (
				6D1F16FE230C7D6200A6474A /* View */,
				6D1F16FF230C7D6700A6474A /* Presenter */,
				6D1F1700230C7D6D00A6474A /* Entity */,
				6D1F1701230C7D7400A6474A /* Router */,
				6D1F16E8230C67D500A6474A /* AllPlayingMoviesContracts.swift */,
			);
			path = AllPlayingMoviesModule;
			sourceTree = "<group>";
		};
		6D1F16F4230C763B00A6474A /* GeneralComponents */ = {
			isa = PBXGroup;
			children = (
				6D8580212305E6B000E7DD79 /* Movie.swift */,
				6D85801D2305E42B00E7DD79 /* MovieCollectionViewCell.swift */,
				6D85801E2305E42B00E7DD79 /* MovieCollectionViewCell.xib */,
				6DBEBFB7230719CF00DA9723 /* MoviePopular.swift */,
				6DBEBFB8230719CF00DA9723 /* MovieNowPlaying.swift */,
				6DBEBFB5230719B500DA9723 /* APIService.swift */,
			);
			path = GeneralComponents;
			sourceTree = "<group>";
		};
		6D1F16F9230C7CEE00A6474A /* View */ = {
			isa = PBXGroup;
			children = (
				6DBEBFD0230735F900DA9723 /* MovieDetailView.swift */,
			);
			path = View;
			sourceTree = "<group>";
		};
		6D1F16FA230C7CF800A6474A /* Interactor */ = {
			isa = PBXGroup;
			children = (
				6DBEBFCF230735F900DA9723 /* MovieDetailInteractor.swift */,
			);
			path = Interactor;
			sourceTree = "<group>";
		};
		6D1F16FB230C7D0900A6474A /* Presenter */ = {
			isa = PBXGroup;
			children = (
				6DBEBFCC230735F900DA9723 /* MovieDetailPresenter.swift */,
			);
			path = Presenter;
			sourceTree = "<group>";
		};
		6D1F16FC230C7D0F00A6474A /* Entity */ = {
			isa = PBXGroup;
			children = (
				6D1F16F7230C797A00A6474A /* MovieDetailEntity.swift */,
			);
			path = Entity;
			sourceTree = "<group>";
		};
		6D1F16FD230C7D1700A6474A /* Router */ = {
			isa = PBXGroup;
			children = (
				6DBEBFCD230735F900DA9723 /* MovieDetailRouter.swift */,
			);
			path = Router;
			sourceTree = "<group>";
		};
		6D1F16FE230C7D6200A6474A /* View */ = {
			isa = PBXGroup;
			children = (
				6D1F16EA230C67D500A6474A /* AllPlayingMoviesView.swift */,
			);
			path = View;
			sourceTree = "<group>";
		};
		6D1F16FF230C7D6700A6474A /* Presenter */ = {
			isa = PBXGroup;
			children = (
				6D1F16E6230C67D500A6474A /* AllPlayingMoviesPresenter.swift */,
			);
			path = Presenter;
			sourceTree = "<group>";
		};
		6D1F1700230C7D6D00A6474A /* Entity */ = {
			isa = PBXGroup;
			children = (
				6D1F16F5230C78D800A6474A /* AllPlayingMoviesEntity.swift */,
			);
			path = Entity;
			sourceTree = "<group>";
		};
		6D1F1701230C7D7400A6474A /* Router */ = {
			isa = PBXGroup;
			children = (
				6D1F16E7230C67D500A6474A /* AllPlayingMoviesRouter.swift */,
			);
			path = Router;
			sourceTree = "<group>";
		};
		6D8A10462304A2890063F059 = {
			isa = PBXGroup;
			children = (
				6D8A10512304A2890063F059 /* MovieDB_NanoChallenge */,
				6D8A10502304A2890063F059 /* Products */,
			);
			sourceTree = "<group>";
		};
		6D8A10502304A2890063F059 /* Products */ = {
			isa = PBXGroup;
			children = (
				6D8A104F2304A2890063F059 /* MovieDB_NanoChallenge.app */,
			);
			name = Products;
			sourceTree = "<group>";
		};
		6D8A10512304A2890063F059 /* MovieDB_NanoChallenge */ = {
			isa = PBXGroup;
			children = (
				6D1F16F4230C763B00A6474A /* GeneralComponents */,
				6D1F16F3230C67E700A6474A /* AllPlayingMoviesModule */,
				6DBEBFD92307361D00DA9723 /* MovieDetailModule */,
				6D8A10722304A36D0063F059 /* HomeScreenModule */,
				6D8A10522304A2890063F059 /* AppDelegate.swift */,
				6D8A10562304A2890063F059 /* Main.storyboard */,
				6D8A10592304A2890063F059 /* Assets.xcassets */,
				6D8A105B2304A2890063F059 /* LaunchScreen.storyboard */,
				6D8A105E2304A2890063F059 /* Info.plist */,
			);
			path = MovieDB_NanoChallenge;
			sourceTree = "<group>";
		};
		6D8A10722304A36D0063F059 /* HomeScreenModule */ = {
			isa = PBXGroup;
			children = (
				6DC215DF2305C6DF0074159E /* View */,
				6DC215DE2305C6D70074159E /* Interactor */,
				6DC215DB2305C6C20074159E /* Presenter */,
				6DC215DD2305C6D00074159E /* Entity */,
				6DC215DC2305C6CB0074159E /* Router */,
				6DC215D02305C3FE0074159E /* HomeScreenContracts.swift */,
			);
			path = HomeScreenModule;
			sourceTree = "<group>";
		};
		6DBEBFD92307361D00DA9723 /* MovieDetailModule */ = {
			isa = PBXGroup;
			children = (
				6D1F16F9230C7CEE00A6474A /* View */,
				6D1F16FA230C7CF800A6474A /* Interactor */,
				6D1F16FB230C7D0900A6474A /* Presenter */,
				6D1F16FC230C7D0F00A6474A /* Entity */,
				6D1F16FD230C7D1700A6474A /* Router */,
				6DBEBFCE230735F900DA9723 /* MovieDetailContracts.swift */,
			);
			path = MovieDetailModule;
			sourceTree = "<group>";
		};
		6DC215DB2305C6C20074159E /* Presenter */ = {
			isa = PBXGroup;
			children = (
				6DC215CE2305C3FE0074159E /* HomeScreenPresenter.swift */,
			);
			path = Presenter;
			sourceTree = "<group>";
		};
		6DC215DC2305C6CB0074159E /* Router */ = {
			isa = PBXGroup;
			children = (
				6DC215CF2305C3FE0074159E /* HomeScreenRouter.swift */,
			);
			path = Router;
			sourceTree = "<group>";
		};
		6DC215DD2305C6D00074159E /* Entity */ = {
			isa = PBXGroup;
			children = (
				6DC215D32305C3FE0074159E /* HomeScreenEntity.swift */,
			);
			path = Entity;
			sourceTree = "<group>";
		};
		6DC215DE2305C6D70074159E /* Interactor */ = {
			isa = PBXGroup;
			children = (
				6DC215D12305C3FE0074159E /* HomeScreenInteractor.swift */,
			);
			path = Interactor;
			sourceTree = "<group>";
		};
		6DC215DF2305C6DF0074159E /* View */ = {
			isa = PBXGroup;
			children = (
				6DC215D22305C3FE0074159E /* HomeScreenView.swift */,
				6D8580192305E3BC00E7DD79 /* CollectionTableViewCell.swift */,
				6D85801A2305E3BC00E7DD79 /* CollectionTableViewCell.xib */,
				6D404DD22305F61700DCAE42 /* PopularMovieTableViewCell.swift */,
				6D404DD32305F61700DCAE42 /* PopularMovieTableViewCell.xib */,
				7D18A17B230C5D150080914A /* SectionHeaderTableView.swift */,
				7D18A17D230C5D2E0080914A /* SectionHeaderView.xib */,
			);
			path = View;
			sourceTree = "<group>";
		};
/* End PBXGroup section */

/* Begin PBXNativeTarget section */
		6D8A104E2304A2890063F059 /* MovieDB_NanoChallenge */ = {
			isa = PBXNativeTarget;
			buildConfigurationList = 6D8A10612304A2890063F059 /* Build configuration list for PBXNativeTarget "MovieDB_NanoChallenge" */;
			buildPhases = (
				6D8A104B2304A2890063F059 /* Sources */,
				6D8A104C2304A2890063F059 /* Frameworks */,
				6D8A104D2304A2890063F059 /* Resources */,
			);
			buildRules = (
			);
			dependencies = (
			);
			name = MovieDB_NanoChallenge;
			productName = MovieDB_NanoChallenge;
			productReference = 6D8A104F2304A2890063F059 /* MovieDB_NanoChallenge.app */;
			productType = "com.apple.product-type.application";
		};
/* End PBXNativeTarget section */

/* Begin PBXProject section */
		6D8A10472304A2890063F059 /* Project object */ = {
			isa = PBXProject;
			attributes = {
				LastSwiftUpdateCheck = 1020;
				LastUpgradeCheck = 1020;
				ORGANIZATIONNAME = "Fernando Locatelli Maioli";
				TargetAttributes = {
					6D8A104E2304A2890063F059 = {
						CreatedOnToolsVersion = 10.2.1;
					};
				};
			};
			buildConfigurationList = 6D8A104A2304A2890063F059 /* Build configuration list for PBXProject "MovieDB_NanoChallenge" */;
			compatibilityVersion = "Xcode 9.3";
			developmentRegion = en;
			hasScannedForEncodings = 0;
			knownRegions = (
				en,
				Base,
			);
			mainGroup = 6D8A10462304A2890063F059;
			productRefGroup = 6D8A10502304A2890063F059 /* Products */;
			projectDirPath = "";
			projectRoot = "";
			targets = (
				6D8A104E2304A2890063F059 /* MovieDB_NanoChallenge */,
			);
		};
/* End PBXProject section */

/* Begin PBXResourcesBuildPhase section */
		6D8A104D2304A2890063F059 /* Resources */ = {
			isa = PBXResourcesBuildPhase;
			buildActionMask = 2147483647;
			files = (
				6D8580202305E42B00E7DD79 /* MovieCollectionViewCell.xib in Resources */,
				6D8A105D2304A2890063F059 /* LaunchScreen.storyboard in Resources */,
				6D404DD52305F61700DCAE42 /* PopularMovieTableViewCell.xib in Resources */,
				6D8A105A2304A2890063F059 /* Assets.xcassets in Resources */,
				6D8A10582304A2890063F059 /* Main.storyboard in Resources */,
				6D85801C2305E3BC00E7DD79 /* CollectionTableViewCell.xib in Resources */,
				7D18A17E230C5D2E0080914A /* SectionHeaderView.xib in Resources */,
			);
			runOnlyForDeploymentPostprocessing = 0;
		};
/* End PBXResourcesBuildPhase section */

/* Begin PBXSourcesBuildPhase section */
		6D8A104B2304A2890063F059 /* Sources */ = {
			isa = PBXSourcesBuildPhase;
			buildActionMask = 2147483647;
			files = (
				6D1F16EE230C67D500A6474A /* AllPlayingMoviesRouter.swift in Sources */,
				6DC215D82305C3FE0074159E /* HomeScreenInteractor.swift in Sources */,
				6D1F16ED230C67D500A6474A /* AllPlayingMoviesPresenter.swift in Sources */,
				6DBEBFBA230719CF00DA9723 /* MovieNowPlaying.swift in Sources */,
				6DC215D72305C3FE0074159E /* HomeScreenContracts.swift in Sources */,
				6DBEBFB9230719CF00DA9723 /* MoviePopular.swift in Sources */,
				6D1F16F6230C78D800A6474A /* AllPlayingMoviesEntity.swift in Sources */,
				6D8580222305E6B000E7DD79 /* Movie.swift in Sources */,
				6DC215DA2305C3FE0074159E /* HomeScreenEntity.swift in Sources */,
				6DBEBFD3230735F900DA9723 /* MovieDetailPresenter.swift in Sources */,
				6D1F16EF230C67D500A6474A /* AllPlayingMoviesContracts.swift in Sources */,
				6D404DD42305F61700DCAE42 /* PopularMovieTableViewCell.swift in Sources */,
				7D18A17C230C5D150080914A /* SectionHeaderTableView.swift in Sources */,
				6DC215D92305C3FE0074159E /* HomeScreenView.swift in Sources */,
				6DBEBFD7230735F900DA9723 /* MovieDetailView.swift in Sources */,
				6D85801B2305E3BC00E7DD79 /* CollectionTableViewCell.swift in Sources */,
				6D1F16F1230C67D500A6474A /* AllPlayingMoviesView.swift in Sources */,
				6DBEBFD6230735F900DA9723 /* MovieDetailInteractor.swift in Sources */,
				6DBEBFB6230719B500DA9723 /* APIService.swift in Sources */,
				6DC215D52305C3FE0074159E /* HomeScreenPresenter.swift in Sources */,
				6D8A10532304A2890063F059 /* AppDelegate.swift in Sources */,
				6DBEBFD4230735F900DA9723 /* MovieDetailRouter.swift in Sources */,
				6D1F16F8230C797A00A6474A /* MovieDetailEntity.swift in Sources */,
				6D85801F2305E42B00E7DD79 /* MovieCollectionViewCell.swift in Sources */,
				6DBEBFD5230735F900DA9723 /* MovieDetailContracts.swift in Sources */,
				6DC215D62305C3FE0074159E /* HomeScreenRouter.swift in Sources */,
			);
			runOnlyForDeploymentPostprocessing = 0;
		};
/* End PBXSourcesBuildPhase section */

/* Begin PBXVariantGroup section */
		6D8A10562304A2890063F059 /* Main.storyboard */ = {
			isa = PBXVariantGroup;
			children = (
				6D8A10572304A2890063F059 /* Base */,
			);
			name = Main.storyboard;
			sourceTree = "<group>";
		};
		6D8A105B2304A2890063F059 /* LaunchScreen.storyboard */ = {
			isa = PBXVariantGroup;
			children = (
				6D8A105C2304A2890063F059 /* Base */,
			);
			name = LaunchScreen.storyboard;
			sourceTree = "<group>";
		};
/* End PBXVariantGroup section */

/* Begin XCBuildConfiguration section */
		6D8A105F2304A2890063F059 /* Debug */ = {
			isa = XCBuildConfiguration;
			buildSettings = {
				ALWAYS_SEARCH_USER_PATHS = NO;
				CLANG_ANALYZER_NONNULL = YES;
				CLANG_ANALYZER_NUMBER_OBJECT_CONVERSION = YES_AGGRESSIVE;
				CLANG_CXX_LANGUAGE_STANDARD = "gnu++14";
				CLANG_CXX_LIBRARY = "libc++";
				CLANG_ENABLE_MODULES = YES;
				CLANG_ENABLE_OBJC_ARC = YES;
				CLANG_ENABLE_OBJC_WEAK = YES;
				CLANG_WARN_BLOCK_CAPTURE_AUTORELEASING = YES;
				CLANG_WARN_BOOL_CONVERSION = YES;
				CLANG_WARN_COMMA = YES;
				CLANG_WARN_CONSTANT_CONVERSION = YES;
				CLANG_WARN_DEPRECATED_OBJC_IMPLEMENTATIONS = YES;
				CLANG_WARN_DIRECT_OBJC_ISA_USAGE = YES_ERROR;
				CLANG_WARN_DOCUMENTATION_COMMENTS = YES;
				CLANG_WARN_EMPTY_BODY = YES;
				CLANG_WARN_ENUM_CONVERSION = YES;
				CLANG_WARN_INFINITE_RECURSION = YES;
				CLANG_WARN_INT_CONVERSION = YES;
				CLANG_WARN_NON_LITERAL_NULL_CONVERSION = YES;
				CLANG_WARN_OBJC_IMPLICIT_RETAIN_SELF = YES;
				CLANG_WARN_OBJC_LITERAL_CONVERSION = YES;
				CLANG_WARN_OBJC_ROOT_CLASS = YES_ERROR;
				CLANG_WARN_RANGE_LOOP_ANALYSIS = YES;
				CLANG_WARN_STRICT_PROTOTYPES = YES;
				CLANG_WARN_SUSPICIOUS_MOVE = YES;
				CLANG_WARN_UNGUARDED_AVAILABILITY = YES_AGGRESSIVE;
				CLANG_WARN_UNREACHABLE_CODE = YES;
				CLANG_WARN__DUPLICATE_METHOD_MATCH = YES;
				CODE_SIGN_IDENTITY = "iPhone Developer";
				COPY_PHASE_STRIP = NO;
				DEBUG_INFORMATION_FORMAT = dwarf;
				ENABLE_STRICT_OBJC_MSGSEND = YES;
				ENABLE_TESTABILITY = YES;
				GCC_C_LANGUAGE_STANDARD = gnu11;
				GCC_DYNAMIC_NO_PIC = NO;
				GCC_NO_COMMON_BLOCKS = YES;
				GCC_OPTIMIZATION_LEVEL = 0;
				GCC_PREPROCESSOR_DEFINITIONS = (
					"DEBUG=1",
					"$(inherited)",
				);
				GCC_WARN_64_TO_32_BIT_CONVERSION = YES;
				GCC_WARN_ABOUT_RETURN_TYPE = YES_ERROR;
				GCC_WARN_UNDECLARED_SELECTOR = YES;
				GCC_WARN_UNINITIALIZED_AUTOS = YES_AGGRESSIVE;
				GCC_WARN_UNUSED_FUNCTION = YES;
				GCC_WARN_UNUSED_VARIABLE = YES;
				IPHONEOS_DEPLOYMENT_TARGET = 12.2;
				MTL_ENABLE_DEBUG_INFO = INCLUDE_SOURCE;
				MTL_FAST_MATH = YES;
				ONLY_ACTIVE_ARCH = YES;
				SDKROOT = iphoneos;
				SWIFT_ACTIVE_COMPILATION_CONDITIONS = DEBUG;
				SWIFT_OPTIMIZATION_LEVEL = "-Onone";
			};
			name = Debug;
		};
		6D8A10602304A2890063F059 /* Release */ = {
			isa = XCBuildConfiguration;
			buildSettings = {
				ALWAYS_SEARCH_USER_PATHS = NO;
				CLANG_ANALYZER_NONNULL = YES;
				CLANG_ANALYZER_NUMBER_OBJECT_CONVERSION = YES_AGGRESSIVE;
				CLANG_CXX_LANGUAGE_STANDARD = "gnu++14";
				CLANG_CXX_LIBRARY = "libc++";
				CLANG_ENABLE_MODULES = YES;
				CLANG_ENABLE_OBJC_ARC = YES;
				CLANG_ENABLE_OBJC_WEAK = YES;
				CLANG_WARN_BLOCK_CAPTURE_AUTORELEASING = YES;
				CLANG_WARN_BOOL_CONVERSION = YES;
				CLANG_WARN_COMMA = YES;
				CLANG_WARN_CONSTANT_CONVERSION = YES;
				CLANG_WARN_DEPRECATED_OBJC_IMPLEMENTATIONS = YES;
				CLANG_WARN_DIRECT_OBJC_ISA_USAGE = YES_ERROR;
				CLANG_WARN_DOCUMENTATION_COMMENTS = YES;
				CLANG_WARN_EMPTY_BODY = YES;
				CLANG_WARN_ENUM_CONVERSION = YES;
				CLANG_WARN_INFINITE_RECURSION = YES;
				CLANG_WARN_INT_CONVERSION = YES;
				CLANG_WARN_NON_LITERAL_NULL_CONVERSION = YES;
				CLANG_WARN_OBJC_IMPLICIT_RETAIN_SELF = YES;
				CLANG_WARN_OBJC_LITERAL_CONVERSION = YES;
				CLANG_WARN_OBJC_ROOT_CLASS = YES_ERROR;
				CLANG_WARN_RANGE_LOOP_ANALYSIS = YES;
				CLANG_WARN_STRICT_PROTOTYPES = YES;
				CLANG_WARN_SUSPICIOUS_MOVE = YES;
				CLANG_WARN_UNGUARDED_AVAILABILITY = YES_AGGRESSIVE;
				CLANG_WARN_UNREACHABLE_CODE = YES;
				CLANG_WARN__DUPLICATE_METHOD_MATCH = YES;
				CODE_SIGN_IDENTITY = "iPhone Developer";
				COPY_PHASE_STRIP = NO;
				DEBUG_INFORMATION_FORMAT = "dwarf-with-dsym";
				ENABLE_NS_ASSERTIONS = NO;
				ENABLE_STRICT_OBJC_MSGSEND = YES;
				GCC_C_LANGUAGE_STANDARD = gnu11;
				GCC_NO_COMMON_BLOCKS = YES;
				GCC_WARN_64_TO_32_BIT_CONVERSION = YES;
				GCC_WARN_ABOUT_RETURN_TYPE = YES_ERROR;
				GCC_WARN_UNDECLARED_SELECTOR = YES;
				GCC_WARN_UNINITIALIZED_AUTOS = YES_AGGRESSIVE;
				GCC_WARN_UNUSED_FUNCTION = YES;
				GCC_WARN_UNUSED_VARIABLE = YES;
				IPHONEOS_DEPLOYMENT_TARGET = 12.2;
				MTL_ENABLE_DEBUG_INFO = NO;
				MTL_FAST_MATH = YES;
				SDKROOT = iphoneos;
				SWIFT_COMPILATION_MODE = wholemodule;
				SWIFT_OPTIMIZATION_LEVEL = "-O";
				VALIDATE_PRODUCT = YES;
			};
			name = Release;
		};
		6D8A10622304A2890063F059 /* Debug */ = {
			isa = XCBuildConfiguration;
			buildSettings = {
				ASSETCATALOG_COMPILER_APPICON_NAME = AppIcon;
				CODE_SIGN_STYLE = Automatic;
				DEVELOPMENT_TEAM = G8ZLW892T6;
				INFOPLIST_FILE = MovieDB_NanoChallenge/Info.plist;
				LD_RUNPATH_SEARCH_PATHS = (
					"$(inherited)",
					"@executable_path/Frameworks",
				);
				PRODUCT_BUNDLE_IDENTIFIER = "academyPOA.MovieDB-NanoChallenge";
				PRODUCT_NAME = "$(TARGET_NAME)";
				SWIFT_VERSION = 5.0;
				TARGETED_DEVICE_FAMILY = "1,2";
			};
			name = Debug;
		};
		6D8A10632304A2890063F059 /* Release */ = {
			isa = XCBuildConfiguration;
			buildSettings = {
				ASSETCATALOG_COMPILER_APPICON_NAME = AppIcon;
				CODE_SIGN_STYLE = Automatic;
				DEVELOPMENT_TEAM = G8ZLW892T6;
				INFOPLIST_FILE = MovieDB_NanoChallenge/Info.plist;
				LD_RUNPATH_SEARCH_PATHS = (
					"$(inherited)",
					"@executable_path/Frameworks",
				);
				PRODUCT_BUNDLE_IDENTIFIER = "academyPOA.MovieDB-NanoChallenge";
				PRODUCT_NAME = "$(TARGET_NAME)";
				SWIFT_VERSION = 5.0;
				TARGETED_DEVICE_FAMILY = "1,2";
			};
			name = Release;
		};
/* End XCBuildConfiguration section */

/* Begin XCConfigurationList section */
		6D8A104A2304A2890063F059 /* Build configuration list for PBXProject "MovieDB_NanoChallenge" */ = {
			isa = XCConfigurationList;
			buildConfigurations = (
				6D8A105F2304A2890063F059 /* Debug */,
				6D8A10602304A2890063F059 /* Release */,
			);
			defaultConfigurationIsVisible = 0;
			defaultConfigurationName = Release;
		};
		6D8A10612304A2890063F059 /* Build configuration list for PBXNativeTarget "MovieDB_NanoChallenge" */ = {
			isa = XCConfigurationList;
			buildConfigurations = (
				6D8A10622304A2890063F059 /* Debug */,
				6D8A10632304A2890063F059 /* Release */,
			);
			defaultConfigurationIsVisible = 0;
			defaultConfigurationName = Release;
		};
/* End XCConfigurationList section */
	};
	rootObject = 6D8A10472304A2890063F059 /* Project object */;
}
